PODS:
  - MBProgressHUD (1.2.0)
  - ZWProgressHUD (1.0.0):
    - MBProgressHUD

DEPENDENCIES:
  - MBProgressHUD
  - ZWProgressHUD (from `../`)

SPEC REPOS:
  https://mirrors.tuna.tsinghua.edu.cn/git/CocoaPods/Specs.git:
    - MBProgressHUD

EXTERNAL SOURCES:
  ZWProgressHUD:
    :path: "../"

SPEC CHECKSUMS:
  MBProgressHUD: 3ee5efcc380f6a79a7cc9b363dd669c5e1ae7406
  ZWProgressHUD: a12474f7ae47c62e6d0ce5f5a0d013e1dbde8104

PODFILE CHECKSUM: 05fae4021af68849667d84892f445979ebff9a1e

COCOAPODS: 1.11.3
