PODS:
  - MBProgressHUD (1.2.0)
  - ZWProgressHUD (0.1.0):
    - MBProgressHUD

DEPENDENCIES:
  - MBProgressHUD
  - ZWProgressHUD (from `../`)

SPEC REPOS:
  https://mirrors.tuna.tsinghua.edu.cn/git/CocoaPods/Specs.git:
    - MBProgressHUD

EXTERNAL SOURCES:
  ZWProgressHUD:
    :path: "../"

SPEC CHECKSUMS:
  MBProgressHUD: 3ee5efcc380f6a79a7cc9b363dd669c5e1ae7406
  ZWProgressHUD: c03f31f807ddcca423f8e0fea488b2e3459f5ae7

PODFILE CHECKSUM: 05fae4021af68849667d84892f445979ebff9a1e

COCOAPODS: 1.11.3
